
Microsoft Visual Studio Solution File, Format Version 12.00
# Visual Studio Version 16
VisualStudioVersion = 16.0.31624.102
MinimumVisualStudioVersion = 10.0.40219.1
Project("{FAE04EC0-301F-11D3-BF4B-00C04F79EFBC}") = "Conditionals3", "Conditionals3\Conditionals3.csproj", "{6CADA52A-E7C1-4CEE-AB42-3F61700D4890}"
EndProject
Global
	GlobalSection(SolutionConfigurationPlatforms) = preSolution
		Debug|Any CPU = Debug|Any CPU
		Release|Any CPU = Release|Any CPU
	EndGlobalSection
	GlobalSection(ProjectConfigurationPlatforms) = postSolution
		{6CADA52A-E7C1-4CEE-AB42-3F61700D4890}.Debug|Any CPU.ActiveCfg = Debug|Any CPU
		{6CADA52A-E7C1-4CEE-AB42-3F61700D4890}.Debug|Any CPU.Build.0 = Debug|Any CPU
		{6CADA52A-E7C1-4CEE-AB42-3F61700D4890}.Release|Any CPU.ActiveCfg = Release|Any CPU
		{6CADA52A-E7C1-4CEE-AB42-3F61700D4890}.Release|Any CPU.Build.0 = Release|Any CPU
	EndGlobalSection
	GlobalSection(SolutionProperties) = preSolution
		HideSolutionNode = FALSE
	EndGlobalSection
	GlobalSection(ExtensibilityGlobals) = postSolution
		SolutionGuid = {8C0C1889-50A9-44D4-AD6A-E9E75FD0FBD4}
	EndGlobalSection
EndGlobal
