
Microsoft Visual Studio Solution File, Format Version 12.00
# Visual Studio Version 16
VisualStudioVersion = 16.0.31624.102
MinimumVisualStudioVersion = 10.0.40219.1
Project("{FAE04EC0-301F-11D3-BF4B-00C04F79EFBC}") = "Variables", "Variables\Variables.csproj", "{081A2F41-A231-4456-959A-1D0B4185529A}"
EndProject
Global
	GlobalSection(SolutionConfigurationPlatforms) = preSolution
		Debug|Any CPU = Debug|Any CPU
		Release|Any CPU = Release|Any CPU
	EndGlobalSection
	GlobalSection(ProjectConfigurationPlatforms) = postSolution
		{081A2F41-A231-4456-959A-1D0B4185529A}.Debug|Any CPU.ActiveCfg = Debug|Any CPU
		{081A2F41-A231-4456-959A-1D0B4185529A}.Debug|Any CPU.Build.0 = Debug|Any CPU
		{081A2F41-A231-4456-959A-1D0B4185529A}.Release|Any CPU.ActiveCfg = Release|Any CPU
		{081A2F41-A231-4456-959A-1D0B4185529A}.Release|Any CPU.Build.0 = Release|Any CPU
	EndGlobalSection
	GlobalSection(SolutionProperties) = preSolution
		HideSolutionNode = FALSE
	EndGlobalSection
	GlobalSection(ExtensibilityGlobals) = postSolution
		SolutionGuid = {3BA1548C-3686-46FC-9A82-78998114D919}
	EndGlobalSection
EndGlobal
